<?xml version="1.0" encoding="utf-8"?>
<Project ToolsVersion="4.0" xmlns="http://schemas.microsoft.com/developer/msbuild/2003">
  <ItemGroup>
    <Filter Include="Source Files">
      <UniqueIdentifier>{4FC737F1-C7A5-4376-A066-2A32D752A2FF}</UniqueIdentifier>
      <Extensions>cpp;c;cc;cxx;c++;cppm;ixx;def;odl;idl;hpj;bat;asm;asmx</Extensions>
    </Filter>
    <Filter Include="Header Files">
      <UniqueIdentifier>{93995380-89BD-4b04-88EB-625FBE52EBFB}</UniqueIdentifier>
      <Extensions>h;hh;hpp;hxx;h++;hm;inl;inc;ipp;xsd</Extensions>
    </Filter>
    <Filter Include="Resource Files">
      <UniqueIdentifier>{67DA6AB6-F800-4c08-8B7A-83BB121AAD01}</UniqueIdentifier>
      <Extensions>rc;ico;cur;bmp;dlg;rc2;rct;bin;rgs;gif;jpg;jpeg;jpe;resx;tiff;tif;png;wav;mfcribbon-ms</Extensions>
    </Filter>
  </ItemGroup>
  <ItemGroup>
    <ClCompile Include="main.cpp">
      <Filter>Source Files</Filter>
    </ClCompile>
    <ClCompile Include="I_Angajat.cpp">
      <Filter>Source Files</Filter>
    </ClCompile>
    <ClCompile Include="Angajat.cpp">
      <Filter>Source Files</Filter>
    </ClCompile>
    <ClCompile Include="Pompier.cpp">
      <Filter>Source Files</Filter>
    </ClCompile>
    <ClCompile Include="Sofer.cpp">
      <Filter>Source Files</Filter>
    </ClCompile>
    <ClCompile Include="I_Autospeciala.cpp">
      <Filter>Source Files</Filter>
    </ClCompile>
    <ClCompile Include="Autospeciala.cpp">
      <Filter>Source Files</Filter>
    </ClCompile>
    <ClCompile Include="Autoscara.cpp">
      <Filter>Source Files</Filter>
    </ClCompile>
    <ClCompile Include="Autospeciala_Descarcerare.cpp">
      <Filter>Source Files</Filter>
    </ClCompile>
    <ClCompile Include="Autospeciala_Stingere.cpp">
      <Filter>Source Files</Filter>
    </ClCompile>
    <ClCompile Include="Autospeciala_Stingere_Pulbere.cpp">
      <Filter>Source Files</Filter>
    </ClCompile>
    <ClCompile Include="Autospeciala_Stingere_Spuma.cpp">
      <Filter>Source Files</Filter>
    </ClCompile>
    <ClCompile Include="I_Urgenta.cpp">
      <Filter>Source Files</Filter>
    </ClCompile>
    <ClCompile Include="Urgenta.cpp">
      <Filter>Source Files</Filter>
    </ClCompile>
    <ClCompile Include="Accident.cpp">
      <Filter>Source Files</Filter>
    </ClCompile>
    <ClCompile Include="Incendiu.cpp">
      <Filter>Source Files</Filter>
    </ClCompile>
    <ClCompile Include="Incendiu_Electric.cpp">
      <Filter>Source Files</Filter>
    </ClCompile>
    <ClCompile Include="Incendiu_Vegetatie.cpp">
      <Filter>Source Files</Filter>
    </ClCompile>
    <ClCompile Include="Interventie.cpp">
      <Filter>Source Files</Filter>
    </ClCompile>
    <ClCompile Include="Tura.cpp">
      <Filter>Source Files</Filter>
    </ClCompile>
    <ClCompile Include="Unitate_Pompieri.cpp">
      <Filter>Source Files</Filter>
    </ClCompile>
  </ItemGroup>
  <ItemGroup>
    <ClInclude Include="Exceptions.h">
      <Filter>Resource Files</Filter>
    </ClInclude>
    <ClInclude Include="Unique_ID_Generator.h">
      <Filter>Resource Files</Filter>
    </ClInclude>
    <ClInclude Include="Number_Generator.h">
      <Filter>Resource Files</Filter>
    </ClInclude>
    <ClInclude Include="I_Angajat.h">
      <Filter>Header Files</Filter>
    </ClInclude>
    <ClInclude Include="Angajat.h">
      <Filter>Header Files</Filter>
    </ClInclude>
    <ClInclude Include="Pompier.h">
      <Filter>Header Files</Filter>
    </ClInclude>
    <ClInclude Include="Sofer.h">
      <Filter>Header Files</Filter>
    </ClInclude>
    <ClInclude Include="I_Autospeciala.h">
      <Filter>Header Files</Filter>
    </ClInclude>
    <ClInclude Include="Autospeciala.h">
      <Filter>Header Files</Filter>
    </ClInclude>
    <ClInclude Include="Autoscara.h">
      <Filter>Header Files</Filter>
    </ClInclude>
    <ClInclude Include="Autospeciala_Descarcerare.h">
      <Filter>Header Files</Filter>
    </ClInclude>
    <ClInclude Include="Autospeciala_Stingere.h">
      <Filter>Header Files</Filter>
    </ClInclude>
    <ClInclude Include="Autospeciala_Stingere_Pulbere.h">
      <Filter>Header Files</Filter>
    </ClInclude>
    <ClInclude Include="Autospeciala_Stingere_Spuma.h">
      <Filter>Header Files</Filter>
    </ClInclude>
    <ClInclude Include="I_Urgenta.h">
      <Filter>Header Files</Filter>
    </ClInclude>
    <ClInclude Include="Urgenta.h">
      <Filter>Header Files</Filter>
    </ClInclude>
    <ClInclude Include="Accident.h">
      <Filter>Header Files</Filter>
    </ClInclude>
    <ClInclude Include="Incendiu.h">
      <Filter>Header Files</Filter>
    </ClInclude>
    <ClInclude Include="Incendiu_Electric.h">
      <Filter>Header Files</Filter>
    </ClInclude>
    <ClInclude Include="Incendiu_Vegetatie.h">
      <Filter>Header Files</Filter>
    </ClInclude>
    <ClInclude Include="Interventie.h">
      <Filter>Header Files</Filter>
    </ClInclude>
    <ClInclude Include="Tura.h">
      <Filter>Header Files</Filter>
    </ClInclude>
    <ClInclude Include="Unitate_Pompieri.h">
      <Filter>Header Files</Filter>
    </ClInclude>
  </ItemGroup>
</Project>